{
  "requires": true,
  "lockfileVersion": 1,
  "dependencies": {
    "@bumaga/tabs": {
      "version": "0.2.0",
      "resolved": "https://registry.npmjs.org/@bumaga/tabs/-/tabs-0.2.0.tgz",
      "integrity": "sha512-Oh8SWX2p8G2egp1TZX27kM77tYYeoOLxsS3qIigAMxrzXrQsqaby4A5idPClje9+eEYjBE7yxXxo5+BOys9e+Q==",
      "requires": {
        "use-constant": "^1.0.0"
      }
    },
    "use-constant": {
      "version": "1.1.0",
      "resolved": "https://registry.npmjs.org/use-constant/-/use-constant-1.1.0.tgz",
      "integrity": "sha512-yrflEfv7Xv/W8WlYV6nwRH01K+2BpR4cWxuzY03yPRjYZuHixhGlvnJN5O2bRYrXGpJ4zy8QjFABGIQ2QXeBOA=="
    }
  }
}
